
Microsoft Visual Studio Solution File, Format Version 12.00
# Visual Studio Version 17
VisualStudioVersion = 17.9.34902.65
MinimumVisualStudioVersion = 10.0.40219.1
Project("{FAE04EC0-301F-11D3-BF4B-00C04F79EFBC}") = "book-mvc", "book-mvc\book-mvc.csproj", "{5B77F4A4-743C-4E2E-A9BA-2E60A04B51B3}"
EndProject
Global
	GlobalSection(SolutionConfigurationPlatforms) = preSolution
		Debug|Any CPU = Debug|Any CPU
		Release|Any CPU = Release|Any CPU
	EndGlobalSection
	GlobalSection(ProjectConfigurationPlatforms) = postSolution
		{5B77F4A4-743C-4E2E-A9BA-2E60A04B51B3}.Debug|Any CPU.ActiveCfg = Debug|Any CPU
		{5B77F4A4-743C-4E2E-A9BA-2E60A04B51B3}.Debug|Any CPU.Build.0 = Debug|Any CPU
		{5B77F4A4-743C-4E2E-A9BA-2E60A04B51B3}.Release|Any CPU.ActiveCfg = Release|Any CPU
		{5B77F4A4-743C-4E2E-A9BA-2E60A04B51B3}.Release|Any CPU.Build.0 = Release|Any CPU
	EndGlobalSection
	GlobalSection(SolutionProperties) = preSolution
		HideSolutionNode = FALSE
	EndGlobalSection
	GlobalSection(ExtensibilityGlobals) = postSolution
		SolutionGuid = {89E7D2CA-847B-4F00-8C31-098AEB831167}
	EndGlobalSection
EndGlobal
